// !$*UTF8*$!
{
	archiveVersion = 1;
	classes = {
	};
	objectVersion = 50;
	objects = {

/* Begin PBXBuildFile section */
		9C2AC7402181777F009922D7 /* BestBookSeller.xcdatamodeld in Sources */ = {isa = PBXBuildFile; fileRef = 9C2AC73D21817659009922D7 /* BestBookSeller.xcdatamodeld */; };
		9C873011217FDA5400B1FCE4 /* AppDelegate.swift in Sources */ = {isa = PBXBuildFile; fileRef = 9C873010217FDA5400B1FCE4 /* AppDelegate.swift */; };
		9C873016217FDA5400B1FCE4 /* Main.storyboard in Resources */ = {isa = PBXBuildFile; fileRef = 9C873014217FDA5400B1FCE4 /* Main.storyboard */; };
		9C873018217FDA5500B1FCE4 /* Assets.xcassets in Resources */ = {isa = PBXBuildFile; fileRef = 9C873017217FDA5500B1FCE4 /* Assets.xcassets */; };
		9C87301B217FDA5500B1FCE4 /* LaunchScreen.storyboard in Resources */ = {isa = PBXBuildFile; fileRef = 9C873019217FDA5500B1FCE4 /* LaunchScreen.storyboard */; };
		9C873023217FDB8F00B1FCE4 /* ServerManager.swift in Sources */ = {isa = PBXBuildFile; fileRef = 9C873022217FDB8F00B1FCE4 /* ServerManager.swift */; };
		9C873025217FDBAC00B1FCE4 /* ListViewController.swift in Sources */ = {isa = PBXBuildFile; fileRef = 9C873024217FDBAC00B1FCE4 /* ListViewController.swift */; };
		9C87302721800D9100B1FCE4 /* BookListViewController.swift in Sources */ = {isa = PBXBuildFile; fileRef = 9C87302621800D9100B1FCE4 /* BookListViewController.swift */; };
		9C87302921800DA100B1FCE4 /* BookDetailsViewController.swift in Sources */ = {isa = PBXBuildFile; fileRef = 9C87302821800DA100B1FCE4 /* BookDetailsViewController.swift */; };
		D54334E7F97E53060842DDBF /* Pods_BestBookSeller.framework in Frameworks */ = {isa = PBXBuildFile; fileRef = 8009BDA5AE56260171B58E31 /* Pods_BestBookSeller.framework */; };
/* End PBXBuildFile section */

/* Begin PBXFileReference section */
		51A6F53056562D7EFB0EBFE0 /* Pods-BestBookSeller.debug.xcconfig */ = {isa = PBXFileReference; includeInIndex = 1; lastKnownFileType = text.xcconfig; name = "Pods-BestBookSeller.debug.xcconfig"; path = "Pods/Target Support Files/Pods-BestBookSeller/Pods-BestBookSeller.debug.xcconfig"; sourceTree = "<group>"; };
		8009BDA5AE56260171B58E31 /* Pods_BestBookSeller.framework */ = {isa = PBXFileReference; explicitFileType = wrapper.framework; includeInIndex = 0; path = Pods_BestBookSeller.framework; sourceTree = BUILT_PRODUCTS_DIR; };
		9C2AC73E21817659009922D7 /* BestBookSeller.xcdatamodel */ = {isa = PBXFileReference; lastKnownFileType = wrapper.xcdatamodel; path = BestBookSeller.xcdatamodel; sourceTree = "<group>"; };
		9C87300D217FDA5400B1FCE4 /* BestBookSeller.app */ = {isa = PBXFileReference; explicitFileType = wrapper.application; includeInIndex = 0; path = BestBookSeller.app; sourceTree = BUILT_PRODUCTS_DIR; };
		9C873010217FDA5400B1FCE4 /* AppDelegate.swift */ = {isa = PBXFileReference; lastKnownFileType = sourcecode.swift; path = AppDelegate.swift; sourceTree = "<group>"; };
		9C873015217FDA5400B1FCE4 /* Base */ = {isa = PBXFileReference; lastKnownFileType = file.storyboard; name = Base; path = Base.lproj/Main.storyboard; sourceTree = "<group>"; };
		9C873017217FDA5500B1FCE4 /* Assets.xcassets */ = {isa = PBXFileReference; lastKnownFileType = folder.assetcatalog; path = Assets.xcassets; sourceTree = "<group>"; };
		9C87301A217FDA5500B1FCE4 /* Base */ = {isa = PBXFileReference; lastKnownFileType = file.storyboard; name = Base; path = Base.lproj/LaunchScreen.storyboard; sourceTree = "<group>"; };
		9C87301C217FDA5500B1FCE4 /* Info.plist */ = {isa = PBXFileReference; lastKnownFileType = text.plist.xml; path = Info.plist; sourceTree = "<group>"; };
		9C873022217FDB8F00B1FCE4 /* ServerManager.swift */ = {isa = PBXFileReference; lastKnownFileType = sourcecode.swift; path = ServerManager.swift; sourceTree = "<group>"; };
		9C873024217FDBAC00B1FCE4 /* ListViewController.swift */ = {isa = PBXFileReference; lastKnownFileType = sourcecode.swift; path = ListViewController.swift; sourceTree = "<group>"; };
		9C87302621800D9100B1FCE4 /* BookListViewController.swift */ = {isa = PBXFileReference; lastKnownFileType = sourcecode.swift; path = BookListViewController.swift; sourceTree = "<group>"; };
		9C87302821800DA100B1FCE4 /* BookDetailsViewController.swift */ = {isa = PBXFileReference; lastKnownFileType = sourcecode.swift; path = BookDetailsViewController.swift; sourceTree = "<group>"; };
		DA208B9E10F78643567FFA08 /* Pods-BestBookSeller.release.xcconfig */ = {isa = PBXFileReference; includeInIndex = 1; lastKnownFileType = text.xcconfig; name = "Pods-BestBookSeller.release.xcconfig"; path = "Pods/Target Support Files/Pods-BestBookSeller/Pods-BestBookSeller.release.xcconfig"; sourceTree = "<group>"; };
/* End PBXFileReference section */

/* Begin PBXFrameworksBuildPhase section */
		9C87300A217FDA5400B1FCE4 /* Frameworks */ = {
			isa = PBXFrameworksBuildPhase;
			buildActionMask = 2147483647;
			files = (
				D54334E7F97E53060842DDBF /* Pods_BestBookSeller.framework in Frameworks */,
			);
			runOnlyForDeploymentPostprocessing = 0;
		};
/* End PBXFrameworksBuildPhase section */

/* Begin PBXGroup section */
		849E685AB737A32EF38E3725 /* Frameworks */ = {
			isa = PBXGroup;
			children = (
				8009BDA5AE56260171B58E31 /* Pods_BestBookSeller.framework */,
			);
			name = Frameworks;
			sourceTree = "<group>";
		};
		9C873004217FDA5400B1FCE4 = {
			isa = PBXGroup;
			children = (
				9C87300F217FDA5400B1FCE4 /* BestBookSeller */,
				9C87300E217FDA5400B1FCE4 /* Products */,
				FE1E906F19816AEEC39BF42A /* Pods */,
				849E685AB737A32EF38E3725 /* Frameworks */,
			);
			sourceTree = "<group>";
		};
		9C87300E217FDA5400B1FCE4 /* Products */ = {
			isa = PBXGroup;
			children = (
				9C87300D217FDA5400B1FCE4 /* BestBookSeller.app */,
			);
			name = Products;
			sourceTree = "<group>";
		};
		9C87300F217FDA5400B1FCE4 /* BestBookSeller */ = {
			isa = PBXGroup;
			children = (
				9C873010217FDA5400B1FCE4 /* AppDelegate.swift */,
				9C873014217FDA5400B1FCE4 /* Main.storyboard */,
				9C873017217FDA5500B1FCE4 /* Assets.xcassets */,
				9C873019217FDA5500B1FCE4 /* LaunchScreen.storyboard */,
				9C87301C217FDA5500B1FCE4 /* Info.plist */,
				9C873022217FDB8F00B1FCE4 /* ServerManager.swift */,
				9C873024217FDBAC00B1FCE4 /* ListViewController.swift */,
				9C87302621800D9100B1FCE4 /* BookListViewController.swift */,
				9C87302821800DA100B1FCE4 /* BookDetailsViewController.swift */,
				9C2AC73D21817659009922D7 /* BestBookSeller.xcdatamodeld */,
			);
			path = BestBookSeller;
			sourceTree = "<group>";
		};
		FE1E906F19816AEEC39BF42A /* Pods */ = {
			isa = PBXGroup;
			children = (
				51A6F53056562D7EFB0EBFE0 /* Pods-BestBookSeller.debug.xcconfig */,
				DA208B9E10F78643567FFA08 /* Pods-BestBookSeller.release.xcconfig */,
			);
			name = Pods;
			sourceTree = "<group>";
		};
/* End PBXGroup section */

/* Begin PBXNativeTarget section */
		9C87300C217FDA5400B1FCE4 /* BestBookSeller */ = {
			isa = PBXNativeTarget;
			buildConfigurationList = 9C87301F217FDA5500B1FCE4 /* Build configuration list for PBXNativeTarget "BestBookSeller" */;
			buildPhases = (
				FCB0E30BD41338E8FD97B963 /* [CP] Check Pods Manifest.lock */,
				9C873009217FDA5400B1FCE4 /* Sources */,
				9C87300A217FDA5400B1FCE4 /* Frameworks */,
				9C87300B217FDA5400B1FCE4 /* Resources */,
				FDCA0584E96B77CB8EB2F3C3 /* [CP] Embed Pods Frameworks */,
			);
			buildRules = (
			);
			dependencies = (
			);
			name = BestBookSeller;
			productName = BestBookSeller;
			productReference = 9C87300D217FDA5400B1FCE4 /* BestBookSeller.app */;
			productType = "com.apple.product-type.application";
		};
/* End PBXNativeTarget section */

/* Begin PBXProject section */
		9C873005217FDA5400B1FCE4 /* Project object */ = {
			isa = PBXProject;
			attributes = {
				LastSwiftUpdateCheck = 0940;
				LastUpgradeCheck = 0940;
				ORGANIZATIONNAME = "Pranalee Jadhav";
				TargetAttributes = {
					9C87300C217FDA5400B1FCE4 = {
						CreatedOnToolsVersion = 9.4.1;
					};
				};
			};
			buildConfigurationList = 9C873008217FDA5400B1FCE4 /* Build configuration list for PBXProject "BestBookSeller" */;
			compatibilityVersion = "Xcode 9.3";
			developmentRegion = en;
			hasScannedForEncodings = 0;
			knownRegions = (
				en,
				Base,
			);
			mainGroup = 9C873004217FDA5400B1FCE4;
			productRefGroup = 9C87300E217FDA5400B1FCE4 /* Products */;
			projectDirPath = "";
			projectRoot = "";
			targets = (
				9C87300C217FDA5400B1FCE4 /* BestBookSeller */,
			);
		};
/* End PBXProject section */

/* Begin PBXResourcesBuildPhase section */
		9C87300B217FDA5400B1FCE4 /* Resources */ = {
			isa = PBXResourcesBuildPhase;
			buildActionMask = 2147483647;
			files = (
				9C87301B217FDA5500B1FCE4 /* LaunchScreen.storyboard in Resources */,
				9C873018217FDA5500B1FCE4 /* Assets.xcassets in Resources */,
				9C873016217FDA5400B1FCE4 /* Main.storyboard in Resources */,
			);
			runOnlyForDeploymentPostprocessing = 0;
		};
/* End PBXResourcesBuildPhase section */

/* Begin PBXShellScriptBuildPhase section */
		FCB0E30BD41338E8FD97B963 /* [CP] Check Pods Manifest.lock */ = {
			isa = PBXShellScriptBuildPhase;
			buildActionMask = 2147483647;
			files = (
			);
			inputPaths = (
				"${PODS_PODFILE_DIR_PATH}/Podfile.lock",
				"${PODS_ROOT}/Manifest.lock",
			);
			name = "[CP] Check Pods Manifest.lock";
			outputPaths = (
				"$(DERIVED_FILE_DIR)/Pods-BestBookSeller-checkManifestLockResult.txt",
			);
			runOnlyForDeploymentPostprocessing = 0;
			shellPath = /bin/sh;
			shellScript = "diff \"${PODS_PODFILE_DIR_PATH}/Podfile.lock\" \"${PODS_ROOT}/Manifest.lock\" > /dev/null\nif [ $? != 0 ] ; then\n    # print error to STDERR\n    echo \"error: The sandbox is not in sync with the Podfile.lock. Run 'pod install' or update your CocoaPods installation.\" >&2\n    exit 1\nfi\n# This output is used by Xcode 'outputs' to avoid re-running this script phase.\necho \"SUCCESS\" > \"${SCRIPT_OUTPUT_FILE_0}\"\n";
			showEnvVarsInLog = 0;
		};
		FDCA0584E96B77CB8EB2F3C3 /* [CP] Embed Pods Frameworks */ = {
			isa = PBXShellScriptBuildPhase;
			buildActionMask = 2147483647;
			files = (
			);
			inputPaths = (
				"${SRCROOT}/Pods/Target Support Files/Pods-BestBookSeller/Pods-BestBookSeller-frameworks.sh",
				"${BUILT_PRODUCTS_DIR}/Alamofire/Alamofire.framework",
				"${BUILT_PRODUCTS_DIR}/SVProgressHUD/SVProgressHUD.framework",
				"${BUILT_PRODUCTS_DIR}/SwiftyJSON/SwiftyJSON.framework",
			);
			name = "[CP] Embed Pods Frameworks";
			outputPaths = (
				"${TARGET_BUILD_DIR}/${FRAMEWORKS_FOLDER_PATH}/Alamofire.framework",
				"${TARGET_BUILD_DIR}/${FRAMEWORKS_FOLDER_PATH}/SVProgressHUD.framework",
				"${TARGET_BUILD_DIR}/${FRAMEWORKS_FOLDER_PATH}/SwiftyJSON.framework",
			);
			runOnlyForDeploymentPostprocessing = 0;
			shellPath = /bin/sh;
			shellScript = "\"${SRCROOT}/Pods/Target Support Files/Pods-BestBookSeller/Pods-BestBookSeller-frameworks.sh\"\n";
			showEnvVarsInLog = 0;
		};
/* End PBXShellScriptBuildPhase section */

/* Begin PBXSourcesBuildPhase section */
		9C873009217FDA5400B1FCE4 /* Sources */ = {
			isa = PBXSourcesBuildPhase;
			buildActionMask = 2147483647;
			files = (
				9C873023217FDB8F00B1FCE4 /* ServerManager.swift in Sources */,
				9C2AC7402181777F009922D7 /* BestBookSeller.xcdatamodeld in Sources */,
				9C873025217FDBAC00B1FCE4 /* ListViewController.swift in Sources */,
				9C873011217FDA5400B1FCE4 /* AppDelegate.swift in Sources */,
				9C87302921800DA100B1FCE4 /* BookDetailsViewController.swift in Sources */,
				9C87302721800D9100B1FCE4 /* BookListViewController.swift in Sources */,
			);
			runOnlyForDeploymentPostprocessing = 0;
		};
/* End PBXSourcesBuildPhase section */

/* Begin PBXVariantGroup section */
		9C873014217FDA5400B1FCE4 /* Main.storyboard */ = {
			isa = PBXVariantGroup;
			children = (
				9C873015217FDA5400B1FCE4 /* Base */,
			);
			name = Main.storyboard;
			sourceTree = "<group>";
		};
		9C873019217FDA5500B1FCE4 /* LaunchScreen.storyboard */ = {
			isa = PBXVariantGroup;
			children = (
				9C87301A217FDA5500B1FCE4 /* Base */,
			);
			name = LaunchScreen.storyboard;
			sourceTree = "<group>";
		};
/* End PBXVariantGroup section */

/* Begin XCBuildConfiguration section */
		9C87301D217FDA5500B1FCE4 /* Debug */ = {
			isa = XCBuildConfiguration;
			buildSettings = {
				ALWAYS_SEARCH_USER_PATHS = NO;
				CLANG_ANALYZER_NONNULL = YES;
				CLANG_ANALYZER_NUMBER_OBJECT_CONVERSION = YES_AGGRESSIVE;
				CLANG_CXX_LANGUAGE_STANDARD = "gnu++14";
				CLANG_CXX_LIBRARY = "libc++";
				CLANG_ENABLE_MODULES = YES;
				CLANG_ENABLE_OBJC_ARC = YES;
				CLANG_ENABLE_OBJC_WEAK = YES;
				CLANG_WARN_BLOCK_CAPTURE_AUTORELEASING = YES;
				CLANG_WARN_BOOL_CONVERSION = YES;
				CLANG_WARN_COMMA = YES;
				CLANG_WARN_CONSTANT_CONVERSION = YES;
				CLANG_WARN_DEPRECATED_OBJC_IMPLEMENTATIONS = YES;
				CLANG_WARN_DIRECT_OBJC_ISA_USAGE = YES_ERROR;
				CLANG_WARN_DOCUMENTATION_COMMENTS = YES;
				CLANG_WARN_EMPTY_BODY = YES;
				CLANG_WARN_ENUM_CONVERSION = YES;
				CLANG_WARN_INFINITE_RECURSION = YES;
				CLANG_WARN_INT_CONVERSION = YES;
				CLANG_WARN_NON_LITERAL_NULL_CONVERSION = YES;
				CLANG_WARN_OBJC_IMPLICIT_RETAIN_SELF = YES;
				CLANG_WARN_OBJC_LITERAL_CONVERSION = YES;
				CLANG_WARN_OBJC_ROOT_CLASS = YES_ERROR;
				CLANG_WARN_RANGE_LOOP_ANALYSIS = YES;
				CLANG_WARN_STRICT_PROTOTYPES = YES;
				CLANG_WARN_SUSPICIOUS_MOVE = YES;
				CLANG_WARN_UNGUARDED_AVAILABILITY = YES_AGGRESSIVE;
				CLANG_WARN_UNREACHABLE_CODE = YES;
				CLANG_WARN__DUPLICATE_METHOD_MATCH = YES;
				CODE_SIGN_IDENTITY = "iPhone Developer";
				COPY_PHASE_STRIP = NO;
				DEBUG_INFORMATION_FORMAT = dwarf;
				ENABLE_STRICT_OBJC_MSGSEND = YES;
				ENABLE_TESTABILITY = YES;
				GCC_C_LANGUAGE_STANDARD = gnu11;
				GCC_DYNAMIC_NO_PIC = NO;
				GCC_NO_COMMON_BLOCKS = YES;
				GCC_OPTIMIZATION_LEVEL = 0;
				GCC_PREPROCESSOR_DEFINITIONS = (
					"DEBUG=1",
					"$(inherited)",
				);
				GCC_WARN_64_TO_32_BIT_CONVERSION = YES;
				GCC_WARN_ABOUT_RETURN_TYPE = YES_ERROR;
				GCC_WARN_UNDECLARED_SELECTOR = YES;
				GCC_WARN_UNINITIALIZED_AUTOS = YES_AGGRESSIVE;
				GCC_WARN_UNUSED_FUNCTION = YES;
				GCC_WARN_UNUSED_VARIABLE = YES;
				IPHONEOS_DEPLOYMENT_TARGET = 11.4;
				MTL_ENABLE_DEBUG_INFO = YES;
				ONLY_ACTIVE_ARCH = YES;
				SDKROOT = iphoneos;
				SWIFT_ACTIVE_COMPILATION_CONDITIONS = DEBUG;
				SWIFT_OPTIMIZATION_LEVEL = "-Onone";
			};
			name = Debug;
		};
		9C87301E217FDA5500B1FCE4 /* Release */ = {
			isa = XCBuildConfiguration;
			buildSettings = {
				ALWAYS_SEARCH_USER_PATHS = NO;
				CLANG_ANALYZER_NONNULL = YES;
				CLANG_ANALYZER_NUMBER_OBJECT_CONVERSION = YES_AGGRESSIVE;
				CLANG_CXX_LANGUAGE_STANDARD = "gnu++14";
				CLANG_CXX_LIBRARY = "libc++";
				CLANG_ENABLE_MODULES = YES;
				CLANG_ENABLE_OBJC_ARC = YES;
				CLANG_ENABLE_OBJC_WEAK = YES;
				CLANG_WARN_BLOCK_CAPTURE_AUTORELEASING = YES;
				CLANG_WARN_BOOL_CONVERSION = YES;
				CLANG_WARN_COMMA = YES;
				CLANG_WARN_CONSTANT_CONVERSION = YES;
				CLANG_WARN_DEPRECATED_OBJC_IMPLEMENTATIONS = YES;
				CLANG_WARN_DIRECT_OBJC_ISA_USAGE = YES_ERROR;
				CLANG_WARN_DOCUMENTATION_COMMENTS = YES;
				CLANG_WARN_EMPTY_BODY = YES;
				CLANG_WARN_ENUM_CONVERSION = YES;
				CLANG_WARN_INFINITE_RECURSION = YES;
				CLANG_WARN_INT_CONVERSION = YES;
				CLANG_WARN_NON_LITERAL_NULL_CONVERSION = YES;
				CLANG_WARN_OBJC_IMPLICIT_RETAIN_SELF = YES;
				CLANG_WARN_OBJC_LITERAL_CONVERSION = YES;
				CLANG_WARN_OBJC_ROOT_CLASS = YES_ERROR;
				CLANG_WARN_RANGE_LOOP_ANALYSIS = YES;
				CLANG_WARN_STRICT_PROTOTYPES = YES;
				CLANG_WARN_SUSPICIOUS_MOVE = YES;
				CLANG_WARN_UNGUARDED_AVAILABILITY = YES_AGGRESSIVE;
				CLANG_WARN_UNREACHABLE_CODE = YES;
				CLANG_WARN__DUPLICATE_METHOD_MATCH = YES;
				CODE_SIGN_IDENTITY = "iPhone Developer";
				COPY_PHASE_STRIP = NO;
				DEBUG_INFORMATION_FORMAT = "dwarf-with-dsym";
				ENABLE_NS_ASSERTIONS = NO;
				ENABLE_STRICT_OBJC_MSGSEND = YES;
				GCC_C_LANGUAGE_STANDARD = gnu11;
				GCC_NO_COMMON_BLOCKS = YES;
				GCC_WARN_64_TO_32_BIT_CONVERSION = YES;
				GCC_WARN_ABOUT_RETURN_TYPE = YES_ERROR;
				GCC_WARN_UNDECLARED_SELECTOR = YES;
				GCC_WARN_UNINITIALIZED_AUTOS = YES_AGGRESSIVE;
				GCC_WARN_UNUSED_FUNCTION = YES;
				GCC_WARN_UNUSED_VARIABLE = YES;
				IPHONEOS_DEPLOYMENT_TARGET = 11.4;
				MTL_ENABLE_DEBUG_INFO = NO;
				SDKROOT = iphoneos;
				SWIFT_COMPILATION_MODE = wholemodule;
				SWIFT_OPTIMIZATION_LEVEL = "-O";
				VALIDATE_PRODUCT = YES;
			};
			name = Release;
		};
		9C873020217FDA5500B1FCE4 /* Debug */ = {
			isa = XCBuildConfiguration;
			baseConfigurationReference = 51A6F53056562D7EFB0EBFE0 /* Pods-BestBookSeller.debug.xcconfig */;
			buildSettings = {
				ASSETCATALOG_COMPILER_APPICON_NAME = AppIcon;
				CODE_SIGN_STYLE = Automatic;
				INFOPLIST_FILE = BestBookSeller/Info.plist;
				IPHONEOS_DEPLOYMENT_TARGET = 11.4;
				LD_RUNPATH_SEARCH_PATHS = (
					"$(inherited)",
					"@executable_path/Frameworks",
				);
				PRODUCT_BUNDLE_IDENTIFIER = com.pranalee.group4.BestBookSeller;
				PRODUCT_NAME = "$(TARGET_NAME)";
				SWIFT_VERSION = 4.0;
				TARGETED_DEVICE_FAMILY = "1,2";
			};
			name = Debug;
		};
		9C873021217FDA5500B1FCE4 /* Release */ = {
			isa = XCBuildConfiguration;
			baseConfigurationReference = DA208B9E10F78643567FFA08 /* Pods-BestBookSeller.release.xcconfig */;
			buildSettings = {
				ASSETCATALOG_COMPILER_APPICON_NAME = AppIcon;
				CODE_SIGN_STYLE = Automatic;
				INFOPLIST_FILE = BestBookSeller/Info.plist;
				IPHONEOS_DEPLOYMENT_TARGET = 11.4;
				LD_RUNPATH_SEARCH_PATHS = (
					"$(inherited)",
					"@executable_path/Frameworks",
				);
				PRODUCT_BUNDLE_IDENTIFIER = com.pranalee.group4.BestBookSeller;
				PRODUCT_NAME = "$(TARGET_NAME)";
				SWIFT_VERSION = 4.0;
				TARGETED_DEVICE_FAMILY = "1,2";
			};
			name = Release;
		};
/* End XCBuildConfiguration section */

/* Begin XCConfigurationList section */
		9C873008217FDA5400B1FCE4 /* Build configuration list for PBXProject "BestBookSeller" */ = {
			isa = XCConfigurationList;
			buildConfigurations = (
				9C87301D217FDA5500B1FCE4 /* Debug */,
				9C87301E217FDA5500B1FCE4 /* Release */,
			);
			defaultConfigurationIsVisible = 0;
			defaultConfigurationName = Release;
		};
		9C87301F217FDA5500B1FCE4 /* Build configuration list for PBXNativeTarget "BestBookSeller" */ = {
			isa = XCConfigurationList;
			buildConfigurations = (
				9C873020217FDA5500B1FCE4 /* Debug */,
				9C873021217FDA5500B1FCE4 /* Release */,
			);
			defaultConfigurationIsVisible = 0;
			defaultConfigurationName = Release;
		};
/* End XCConfigurationList section */

/* Begin XCVersionGroup section */
		9C2AC73D21817659009922D7 /* BestBookSeller.xcdatamodeld */ = {
			isa = XCVersionGroup;
			children = (
				9C2AC73E21817659009922D7 /* BestBookSeller.xcdatamodel */,
			);
			currentVersion = 9C2AC73E21817659009922D7 /* BestBookSeller.xcdatamodel */;
			path = BestBookSeller.xcdatamodeld;
			sourceTree = "<group>";
			versionGroupType = wrapper.xcdatamodel;
		};
/* End XCVersionGroup section */
	};
	rootObject = 9C873005217FDA5400B1FCE4 /* Project object */;
}
